
Microsoft Visual Studio Solution File, Format Version 12.00
# Visual Studio Version 16
VisualStudioVersion = 16.0.31424.327
MinimumVisualStudioVersion = 10.0.40219.1
Project("{FAE04EC0-301F-11D3-BF4B-00C04F79EFBC}") = "WebShop", "WebShop\WebShop.csproj", "{A0D0F8A3-0E63-4304-8986-2F544A2F0F73}"
EndProject
Global
	GlobalSection(SolutionConfigurationPlatforms) = preSolution
		Debug|Any CPU = Debug|Any CPU
		Release|Any CPU = Release|Any CPU
	EndGlobalSection
	GlobalSection(ProjectConfigurationPlatforms) = postSolution
		{A0D0F8A3-0E63-4304-8986-2F544A2F0F73}.Debug|Any CPU.ActiveCfg = Debug|Any CPU
		{A0D0F8A3-0E63-4304-8986-2F544A2F0F73}.Debug|Any CPU.Build.0 = Debug|Any CPU
		{A0D0F8A3-0E63-4304-8986-2F544A2F0F73}.Release|Any CPU.ActiveCfg = Release|Any CPU
		{A0D0F8A3-0E63-4304-8986-2F544A2F0F73}.Release|Any CPU.Build.0 = Release|Any CPU
	EndGlobalSection
	GlobalSection(SolutionProperties) = preSolution
		HideSolutionNode = FALSE
	EndGlobalSection
	GlobalSection(ExtensibilityGlobals) = postSolution
		SolutionGuid = {8AF1073C-3AFF-4123-96E5-9C18E9C1EE02}
	EndGlobalSection
EndGlobal
