
Microsoft Visual Studio Solution File, Format Version 12.00
# Visual Studio Version 16
VisualStudioVersion = 16.0.31112.23
MinimumVisualStudioVersion = 10.0.40219.1
Project("{FAE04EC0-301F-11D3-BF4B-00C04F79EFBC}") = "WebShop", "WebShop\WebShop.csproj", "{906F73B0-4FB7-4F53-931C-0957BDE18A1F}"
EndProject
Global
	GlobalSection(SolutionConfigurationPlatforms) = preSolution
		Debug|Any CPU = Debug|Any CPU
		Release|Any CPU = Release|Any CPU
	EndGlobalSection
	GlobalSection(ProjectConfigurationPlatforms) = postSolution
		{906F73B0-4FB7-4F53-931C-0957BDE18A1F}.Debug|Any CPU.ActiveCfg = Debug|Any CPU
		{906F73B0-4FB7-4F53-931C-0957BDE18A1F}.Debug|Any CPU.Build.0 = Debug|Any CPU
		{906F73B0-4FB7-4F53-931C-0957BDE18A1F}.Release|Any CPU.ActiveCfg = Release|Any CPU
		{906F73B0-4FB7-4F53-931C-0957BDE18A1F}.Release|Any CPU.Build.0 = Release|Any CPU
	EndGlobalSection
	GlobalSection(SolutionProperties) = preSolution
		HideSolutionNode = FALSE
	EndGlobalSection
	GlobalSection(ExtensibilityGlobals) = postSolution
		SolutionGuid = {C382ABF9-93FD-4395-A2FD-0243F5DCA5C0}
	EndGlobalSection
EndGlobal
